// !$*UTF8*$!
{
	archiveVersion = 1;
	classes = {
	};
	objectVersion = 46;
	objects = {

/* Begin PBXBuildFile section */
		FB4974171CDA71AB00B28842 /* AppDelegate.swift in Sources */ = {isa = PBXBuildFile; fileRef = FB4974161CDA71AB00B28842 /* AppDelegate.swift */; };
		FB4974191CDA71AB00B28842 /* ViewController.swift in Sources */ = {isa = PBXBuildFile; fileRef = FB4974181CDA71AB00B28842 /* ViewController.swift */; };
		FB49741E1CDA71AB00B28842 /* Assets.xcassets in Resources */ = {isa = PBXBuildFile; fileRef = FB49741D1CDA71AB00B28842 /* Assets.xcassets */; };
		FB70CFD81CDBE3EA006F26F4 /* ChangeColourDelegate.swift in Sources */ = {isa = PBXBuildFile; fileRef = FB70CFD71CDBE3EA006F26F4 /* ChangeColourDelegate.swift */; };
		FB70CFDA1CDBF077006F26F4 /* MenuVC.swift in Sources */ = {isa = PBXBuildFile; fileRef = FB70CFD91CDBF077006F26F4 /* MenuVC.swift */; };
/* End PBXBuildFile section */

/* Begin PBXFileReference section */
		FB4974131CDA71AB00B28842 /* DynamicView.app */ = {isa = PBXFileReference; explicitFileType = wrapper.application; includeInIndex = 0; path = DynamicView.app; sourceTree = BUILT_PRODUCTS_DIR; };
		FB4974161CDA71AB00B28842 /* AppDelegate.swift */ = {isa = PBXFileReference; lastKnownFileType = sourcecode.swift; path = AppDelegate.swift; sourceTree = "<group>"; };
		FB4974181CDA71AB00B28842 /* ViewController.swift */ = {isa = PBXFileReference; lastKnownFileType = sourcecode.swift; path = ViewController.swift; sourceTree = "<group>"; };
		FB49741D1CDA71AB00B28842 /* Assets.xcassets */ = {isa = PBXFileReference; lastKnownFileType = folder.assetcatalog; path = Assets.xcassets; sourceTree = "<group>"; };
		FB4974221CDA71AB00B28842 /* Info.plist */ = {isa = PBXFileReference; lastKnownFileType = text.plist.xml; path = Info.plist; sourceTree = "<group>"; };
		FB70CFD71CDBE3EA006F26F4 /* ChangeColourDelegate.swift */ = {isa = PBXFileReference; fileEncoding = 4; lastKnownFileType = sourcecode.swift; path = ChangeColourDelegate.swift; sourceTree = "<group>"; };
		FB70CFD91CDBF077006F26F4 /* MenuVC.swift */ = {isa = PBXFileReference; fileEncoding = 4; lastKnownFileType = sourcecode.swift; path = MenuVC.swift; sourceTree = "<group>"; };
/* End PBXFileReference section */

/* Begin PBXFrameworksBuildPhase section */
		FB4974101CDA71AB00B28842 /* Frameworks */ = {
			isa = PBXFrameworksBuildPhase;
			buildActionMask = 2147483647;
			files = (
			);
			runOnlyForDeploymentPostprocessing = 0;
		};
/* End PBXFrameworksBuildPhase section */

/* Begin PBXGroup section */
		FB49740A1CDA71AB00B28842 = {
			isa = PBXGroup;
			children = (
				FB4974151CDA71AB00B28842 /* DynamicView */,
				FB4974141CDA71AB00B28842 /* Products */,
			);
			sourceTree = "<group>";
		};
		FB4974141CDA71AB00B28842 /* Products */ = {
			isa = PBXGroup;
			children = (
				FB4974131CDA71AB00B28842 /* DynamicView.app */,
			);
			name = Products;
			sourceTree = "<group>";
		};
		FB4974151CDA71AB00B28842 /* DynamicView */ = {
			isa = PBXGroup;
			children = (
				FB4974161CDA71AB00B28842 /* AppDelegate.swift */,
				FB70CFD71CDBE3EA006F26F4 /* ChangeColourDelegate.swift */,
				FB4974181CDA71AB00B28842 /* ViewController.swift */,
				FB70CFD91CDBF077006F26F4 /* MenuVC.swift */,
				FB49741D1CDA71AB00B28842 /* Assets.xcassets */,
				FB4974221CDA71AB00B28842 /* Info.plist */,
			);
			path = DynamicView;
			sourceTree = "<group>";
		};
/* End PBXGroup section */

/* Begin PBXNativeTarget section */
		FB4974121CDA71AB00B28842 /* DynamicView */ = {
			isa = PBXNativeTarget;
			buildConfigurationList = FB4974251CDA71AB00B28842 /* Build configuration list for PBXNativeTarget "DynamicView" */;
			buildPhases = (
				FB49740F1CDA71AB00B28842 /* Sources */,
				FB4974101CDA71AB00B28842 /* Frameworks */,
				FB4974111CDA71AB00B28842 /* Resources */,
			);
			buildRules = (
			);
			dependencies = (
			);
			name = DynamicView;
			productName = DynamicView;
			productReference = FB4974131CDA71AB00B28842 /* DynamicView.app */;
			productType = "com.apple.product-type.application";
		};
/* End PBXNativeTarget section */

/* Begin PBXProject section */
		FB49740B1CDA71AB00B28842 /* Project object */ = {
			isa = PBXProject;
			attributes = {
				LastSwiftUpdateCheck = 0730;
				LastUpgradeCheck = 0730;
				ORGANIZATIONNAME = "Jason P'ng";
				TargetAttributes = {
					FB4974121CDA71AB00B28842 = {
						CreatedOnToolsVersion = 7.3;
					};
				};
			};
			buildConfigurationList = FB49740E1CDA71AB00B28842 /* Build configuration list for PBXProject "DynamicView" */;
			compatibilityVersion = "Xcode 3.2";
			developmentRegion = English;
			hasScannedForEncodings = 0;
			knownRegions = (
				en,
				Base,
			);
			mainGroup = FB49740A1CDA71AB00B28842;
			productRefGroup = FB4974141CDA71AB00B28842 /* Products */;
			projectDirPath = "";
			projectRoot = "";
			targets = (
				FB4974121CDA71AB00B28842 /* DynamicView */,
			);
		};
/* End PBXProject section */

/* Begin PBXResourcesBuildPhase section */
		FB4974111CDA71AB00B28842 /* Resources */ = {
			isa = PBXResourcesBuildPhase;
			buildActionMask = 2147483647;
			files = (
				FB49741E1CDA71AB00B28842 /* Assets.xcassets in Resources */,
			);
			runOnlyForDeploymentPostprocessing = 0;
		};
/* End PBXResourcesBuildPhase section */

/* Begin PBXSourcesBuildPhase section */
		FB49740F1CDA71AB00B28842 /* Sources */ = {
			isa = PBXSourcesBuildPhase;
			buildActionMask = 2147483647;
			files = (
				FB4974191CDA71AB00B28842 /* ViewController.swift in Sources */,
				FB70CFD81CDBE3EA006F26F4 /* ChangeColourDelegate.swift in Sources */,
				FB4974171CDA71AB00B28842 /* AppDelegate.swift in Sources */,
				FB70CFDA1CDBF077006F26F4 /* MenuVC.swift in Sources */,
			);
			runOnlyForDeploymentPostprocessing = 0;
		};
/* End PBXSourcesBuildPhase section */

/* Begin XCBuildConfiguration section */
		FB4974231CDA71AB00B28842 /* Debug */ = {
			isa = XCBuildConfiguration;
			buildSettings = {
				ALWAYS_SEARCH_USER_PATHS = NO;
				CLANG_ANALYZER_NONNULL = YES;
				CLANG_CXX_LANGUAGE_STANDARD = "gnu++0x";
				CLANG_CXX_LIBRARY = "libc++";
				CLANG_ENABLE_MODULES = YES;
				CLANG_ENABLE_OBJC_ARC = YES;
				CLANG_WARN_BOOL_CONVERSION = YES;
				CLANG_WARN_CONSTANT_CONVERSION = YES;
				CLANG_WARN_DIRECT_OBJC_ISA_USAGE = YES_ERROR;
				CLANG_WARN_EMPTY_BODY = YES;
				CLANG_WARN_ENUM_CONVERSION = YES;
				CLANG_WARN_INT_CONVERSION = YES;
				CLANG_WARN_OBJC_ROOT_CLASS = YES_ERROR;
				CLANG_WARN_UNREACHABLE_CODE = YES;
				CLANG_WARN__DUPLICATE_METHOD_MATCH = YES;
				"CODE_SIGN_IDENTITY[sdk=iphoneos*]" = "iPhone Developer";
				COPY_PHASE_STRIP = NO;
				DEBUG_INFORMATION_FORMAT = dwarf;
				ENABLE_STRICT_OBJC_MSGSEND = YES;
				ENABLE_TESTABILITY = YES;
				GCC_C_LANGUAGE_STANDARD = gnu99;
				GCC_DYNAMIC_NO_PIC = NO;
				GCC_NO_COMMON_BLOCKS = YES;
				GCC_OPTIMIZATION_LEVEL = 0;
				GCC_PREPROCESSOR_DEFINITIONS = (
					"DEBUG=1",
					"$(inherited)",
				);
				GCC_WARN_64_TO_32_BIT_CONVERSION = YES;
				GCC_WARN_ABOUT_RETURN_TYPE = YES_ERROR;
				GCC_WARN_UNDECLARED_SELECTOR = YES;
				GCC_WARN_UNINITIALIZED_AUTOS = YES_AGGRESSIVE;
				GCC_WARN_UNUSED_FUNCTION = YES;
				GCC_WARN_UNUSED_VARIABLE = YES;
				IPHONEOS_DEPLOYMENT_TARGET = 9.3;
				MTL_ENABLE_DEBUG_INFO = YES;
				ONLY_ACTIVE_ARCH = YES;
				SDKROOT = iphoneos;
				SWIFT_OPTIMIZATION_LEVEL = "-Onone";
				TARGETED_DEVICE_FAMILY = "1,2";
			};
			name = Debug;
		};
		FB4974241CDA71AB00B28842 /* Release */ = {
			isa = XCBuildConfiguration;
			buildSettings = {
				ALWAYS_SEARCH_USER_PATHS = NO;
				CLANG_ANALYZER_NONNULL = YES;
				CLANG_CXX_LANGUAGE_STANDARD = "gnu++0x";
				CLANG_CXX_LIBRARY = "libc++";
				CLANG_ENABLE_MODULES = YES;
				CLANG_ENABLE_OBJC_ARC = YES;
				CLANG_WARN_BOOL_CONVERSION = YES;
				CLANG_WARN_CONSTANT_CONVERSION = YES;
				CLANG_WARN_DIRECT_OBJC_ISA_USAGE = YES_ERROR;
				CLANG_WARN_EMPTY_BODY = YES;
				CLANG_WARN_ENUM_CONVERSION = YES;
				CLANG_WARN_INT_CONVERSION = YES;
				CLANG_WARN_OBJC_ROOT_CLASS = YES_ERROR;
				CLANG_WARN_UNREACHABLE_CODE = YES;
				CLANG_WARN__DUPLICATE_METHOD_MATCH = YES;
				"CODE_SIGN_IDENTITY[sdk=iphoneos*]" = "iPhone Developer";
				COPY_PHASE_STRIP = NO;
				DEBUG_INFORMATION_FORMAT = "dwarf-with-dsym";
				ENABLE_NS_ASSERTIONS = NO;
				ENABLE_STRICT_OBJC_MSGSEND = YES;
				GCC_C_LANGUAGE_STANDARD = gnu99;
				GCC_NO_COMMON_BLOCKS = YES;
				GCC_WARN_64_TO_32_BIT_CONVERSION = YES;
				GCC_WARN_ABOUT_RETURN_TYPE = YES_ERROR;
				GCC_WARN_UNDECLARED_SELECTOR = YES;
				GCC_WARN_UNINITIALIZED_AUTOS = YES_AGGRESSIVE;
				GCC_WARN_UNUSED_FUNCTION = YES;
				GCC_WARN_UNUSED_VARIABLE = YES;
				IPHONEOS_DEPLOYMENT_TARGET = 9.3;
				MTL_ENABLE_DEBUG_INFO = NO;
				SDKROOT = iphoneos;
				TARGETED_DEVICE_FAMILY = "1,2";
				VALIDATE_PRODUCT = YES;
			};
			name = Release;
		};
		FB4974261CDA71AB00B28842 /* Debug */ = {
			isa = XCBuildConfiguration;
			buildSettings = {
				ASSETCATALOG_COMPILER_APPICON_NAME = AppIcon;
				INFOPLIST_FILE = DynamicView/Info.plist;
				LD_RUNPATH_SEARCH_PATHS = "$(inherited) @executable_path/Frameworks";
				PRODUCT_BUNDLE_IDENTIFIER = Png.DynamicView;
				PRODUCT_NAME = "$(TARGET_NAME)";
			};
			name = Debug;
		};
		FB4974271CDA71AB00B28842 /* Release */ = {
			isa = XCBuildConfiguration;
			buildSettings = {
				ASSETCATALOG_COMPILER_APPICON_NAME = AppIcon;
				INFOPLIST_FILE = DynamicView/Info.plist;
				LD_RUNPATH_SEARCH_PATHS = "$(inherited) @executable_path/Frameworks";
				PRODUCT_BUNDLE_IDENTIFIER = Png.DynamicView;
				PRODUCT_NAME = "$(TARGET_NAME)";
			};
			name = Release;
		};
/* End XCBuildConfiguration section */

/* Begin XCConfigurationList section */
		FB49740E1CDA71AB00B28842 /* Build configuration list for PBXProject "DynamicView" */ = {
			isa = XCConfigurationList;
			buildConfigurations = (
				FB4974231CDA71AB00B28842 /* Debug */,
				FB4974241CDA71AB00B28842 /* Release */,
			);
			defaultConfigurationIsVisible = 0;
			defaultConfigurationName = Release;
		};
		FB4974251CDA71AB00B28842 /* Build configuration list for PBXNativeTarget "DynamicView" */ = {
			isa = XCConfigurationList;
			buildConfigurations = (
				FB4974261CDA71AB00B28842 /* Debug */,
				FB4974271CDA71AB00B28842 /* Release */,
			);
			defaultConfigurationIsVisible = 0;
			defaultConfigurationName = Release;
		};
/* End XCConfigurationList section */
	};
	rootObject = FB49740B1CDA71AB00B28842 /* Project object */;
}
